
Microsoft Visual Studio Solution File, Format Version 12.00
# Visual Studio 15
VisualStudioVersion = 15.0.28307.106
MinimumVisualStudioVersion = 10.0.40219.1
Project("{FAE04EC0-301F-11D3-BF4B-00C04F79EFBC}") = "LINQ_exercises", "LINQ_exercises\LINQ_exercises.csproj", "{382D5610-6B24-4027-A403-720E40E871C1}"
EndProject
Global
	GlobalSection(SolutionConfigurationPlatforms) = preSolution
		Debug|Any CPU = Debug|Any CPU
		Release|Any CPU = Release|Any CPU
	EndGlobalSection
	GlobalSection(ProjectConfigurationPlatforms) = postSolution
		{382D5610-6B24-4027-A403-720E40E871C1}.Debug|Any CPU.ActiveCfg = Debug|Any CPU
		{382D5610-6B24-4027-A403-720E40E871C1}.Debug|Any CPU.Build.0 = Debug|Any CPU
		{382D5610-6B24-4027-A403-720E40E871C1}.Release|Any CPU.ActiveCfg = Release|Any CPU
		{382D5610-6B24-4027-A403-720E40E871C1}.Release|Any CPU.Build.0 = Release|Any CPU
	EndGlobalSection
	GlobalSection(SolutionProperties) = preSolution
		HideSolutionNode = FALSE
	EndGlobalSection
	GlobalSection(ExtensibilityGlobals) = postSolution
		SolutionGuid = {EEF62C37-EB28-48D3-9C8B-E3C261097817}
	EndGlobalSection
EndGlobal
